// !$*UTF8*$!
{
	archiveVersion = 1;
	classes = {
	};
	objectVersion = 50;
	objects = {

/* Begin PBXBuildFile section */
		184ED9D143B32E841CF75ACC /* libPods-Colors.a in Frameworks */ = {isa = PBXBuildFile; fileRef = 0B6074E2F70082251B8F799E /* libPods-Colors.a */; };
		1B168EA620C9543D0007E66B /* AppDelegate.swift in Sources */ = {isa = PBXBuildFile; fileRef = 1B168EA520C9543D0007E66B /* AppDelegate.swift */; };
		1B168EA820C9543D0007E66B /* MainVC.swift in Sources */ = {isa = PBXBuildFile; fileRef = 1B168EA720C9543D0007E66B /* MainVC.swift */; };
		1B168EAB20C9543D0007E66B /* Main.storyboard in Resources */ = {isa = PBXBuildFile; fileRef = 1B168EA920C9543D0007E66B /* Main.storyboard */; };
		1B168EAD20C954400007E66B /* Assets.xcassets in Resources */ = {isa = PBXBuildFile; fileRef = 1B168EAC20C954400007E66B /* Assets.xcassets */; };
		1B168EB020C954400007E66B /* LaunchScreen.storyboard in Resources */ = {isa = PBXBuildFile; fileRef = 1B168EAE20C954400007E66B /* LaunchScreen.storyboard */; };
		1B168EBB20C954400007E66B /* ColorsTests.swift in Sources */ = {isa = PBXBuildFile; fileRef = 1B168EBA20C954400007E66B /* ColorsTests.swift */; };
		1B17340720CAF6AE00E4E378 /* MainVCViewModel.swift in Sources */ = {isa = PBXBuildFile; fileRef = 1B17340620CAF6AE00E4E378 /* MainVCViewModel.swift */; };
		1BA99EC820CA52C90020C9C8 /* ColorView.swift in Sources */ = {isa = PBXBuildFile; fileRef = 1BA99EC720CA52C90020C9C8 /* ColorView.swift */; };
		1BA99ECB20CA53980020C9C8 /* ColorTVC.swift in Sources */ = {isa = PBXBuildFile; fileRef = 1BA99EC920CA53970020C9C8 /* ColorTVC.swift */; };
		1BA99ECC20CA53980020C9C8 /* ColorTVC.xib in Resources */ = {isa = PBXBuildFile; fileRef = 1BA99ECA20CA53970020C9C8 /* ColorTVC.xib */; };
		1BA99ED020CA55690020C9C8 /* ColorTVCViewModel.swift in Sources */ = {isa = PBXBuildFile; fileRef = 1BA99ECF20CA55690020C9C8 /* ColorTVCViewModel.swift */; };
		1BA99ED420CA77410020C9C8 /* Extensions.swift in Sources */ = {isa = PBXBuildFile; fileRef = 1BA99ED320CA77410020C9C8 /* Extensions.swift */; };
		1BA99ED820CA7D5F0020C9C8 /* Utils.swift in Sources */ = {isa = PBXBuildFile; fileRef = 1BA99ED720CA7D5F0020C9C8 /* Utils.swift */; };
		1BA99EDA20CA81C80020C9C8 /* Color.swift in Sources */ = {isa = PBXBuildFile; fileRef = 1BA99ED920CA81C80020C9C8 /* Color.swift */; };
		1BA99EDD20CA84550020C9C8 /* ColorManager.swift in Sources */ = {isa = PBXBuildFile; fileRef = 1BA99EDC20CA84550020C9C8 /* ColorManager.swift */; };
/* End PBXBuildFile section */

/* Begin PBXContainerItemProxy section */
		1B168EB720C954400007E66B /* PBXContainerItemProxy */ = {
			isa = PBXContainerItemProxy;
			containerPortal = 1B168E9A20C9543D0007E66B /* Project object */;
			proxyType = 1;
			remoteGlobalIDString = 1B168EA120C9543D0007E66B;
			remoteInfo = Colors;
		};
/* End PBXContainerItemProxy section */

/* Begin PBXFileReference section */
		0B6074E2F70082251B8F799E /* libPods-Colors.a */ = {isa = PBXFileReference; explicitFileType = archive.ar; includeInIndex = 0; path = "libPods-Colors.a"; sourceTree = BUILT_PRODUCTS_DIR; };
		1B168EA220C9543D0007E66B /* Colors.app */ = {isa = PBXFileReference; explicitFileType = wrapper.application; includeInIndex = 0; path = Colors.app; sourceTree = BUILT_PRODUCTS_DIR; };
		1B168EA520C9543D0007E66B /* AppDelegate.swift */ = {isa = PBXFileReference; lastKnownFileType = sourcecode.swift; path = AppDelegate.swift; sourceTree = "<group>"; };
		1B168EA720C9543D0007E66B /* MainVC.swift */ = {isa = PBXFileReference; lastKnownFileType = sourcecode.swift; path = MainVC.swift; sourceTree = "<group>"; };
		1B168EAA20C9543D0007E66B /* Base */ = {isa = PBXFileReference; lastKnownFileType = file.storyboard; name = Base; path = Base.lproj/Main.storyboard; sourceTree = "<group>"; };
		1B168EAC20C954400007E66B /* Assets.xcassets */ = {isa = PBXFileReference; lastKnownFileType = folder.assetcatalog; path = Assets.xcassets; sourceTree = "<group>"; };
		1B168EAF20C954400007E66B /* Base */ = {isa = PBXFileReference; lastKnownFileType = file.storyboard; name = Base; path = Base.lproj/LaunchScreen.storyboard; sourceTree = "<group>"; };
		1B168EB120C954400007E66B /* Info.plist */ = {isa = PBXFileReference; lastKnownFileType = text.plist.xml; path = Info.plist; sourceTree = "<group>"; };
		1B168EB620C954400007E66B /* ColorsTests.xctest */ = {isa = PBXFileReference; explicitFileType = wrapper.cfbundle; includeInIndex = 0; path = ColorsTests.xctest; sourceTree = BUILT_PRODUCTS_DIR; };
		1B168EBA20C954400007E66B /* ColorsTests.swift */ = {isa = PBXFileReference; lastKnownFileType = sourcecode.swift; path = ColorsTests.swift; sourceTree = "<group>"; };
		1B168EBC20C954400007E66B /* Info.plist */ = {isa = PBXFileReference; lastKnownFileType = text.plist.xml; path = Info.plist; sourceTree = "<group>"; };
		1B17340620CAF6AE00E4E378 /* MainVCViewModel.swift */ = {isa = PBXFileReference; lastKnownFileType = sourcecode.swift; path = MainVCViewModel.swift; sourceTree = "<group>"; };
		1BA99EC720CA52C90020C9C8 /* ColorView.swift */ = {isa = PBXFileReference; lastKnownFileType = sourcecode.swift; path = ColorView.swift; sourceTree = "<group>"; };
		1BA99EC920CA53970020C9C8 /* ColorTVC.swift */ = {isa = PBXFileReference; lastKnownFileType = sourcecode.swift; path = ColorTVC.swift; sourceTree = "<group>"; };
		1BA99ECA20CA53970020C9C8 /* ColorTVC.xib */ = {isa = PBXFileReference; lastKnownFileType = file.xib; path = ColorTVC.xib; sourceTree = "<group>"; };
		1BA99ECF20CA55690020C9C8 /* ColorTVCViewModel.swift */ = {isa = PBXFileReference; lastKnownFileType = sourcecode.swift; path = ColorTVCViewModel.swift; sourceTree = "<group>"; };
		1BA99ED320CA77410020C9C8 /* Extensions.swift */ = {isa = PBXFileReference; lastKnownFileType = sourcecode.swift; path = Extensions.swift; sourceTree = "<group>"; };
		1BA99ED720CA7D5F0020C9C8 /* Utils.swift */ = {isa = PBXFileReference; lastKnownFileType = sourcecode.swift; path = Utils.swift; sourceTree = "<group>"; };
		1BA99ED920CA81C80020C9C8 /* Color.swift */ = {isa = PBXFileReference; lastKnownFileType = sourcecode.swift; path = Color.swift; sourceTree = "<group>"; };
		1BA99EDC20CA84550020C9C8 /* ColorManager.swift */ = {isa = PBXFileReference; lastKnownFileType = sourcecode.swift; path = ColorManager.swift; sourceTree = "<group>"; };
		547D73DB3272E6BCD775BAB6 /* Pods-Colors.debug.xcconfig */ = {isa = PBXFileReference; includeInIndex = 1; lastKnownFileType = text.xcconfig; name = "Pods-Colors.debug.xcconfig"; path = "Pods/Target Support Files/Pods-Colors/Pods-Colors.debug.xcconfig"; sourceTree = "<group>"; };
		D8F8F20F2020CC7CECCC1886 /* Pods-Colors.release.xcconfig */ = {isa = PBXFileReference; includeInIndex = 1; lastKnownFileType = text.xcconfig; name = "Pods-Colors.release.xcconfig"; path = "Pods/Target Support Files/Pods-Colors/Pods-Colors.release.xcconfig"; sourceTree = "<group>"; };
/* End PBXFileReference section */

/* Begin PBXFrameworksBuildPhase section */
		1B168E9F20C9543D0007E66B /* Frameworks */ = {
			isa = PBXFrameworksBuildPhase;
			buildActionMask = 2147483647;
			files = (
				184ED9D143B32E841CF75ACC /* libPods-Colors.a in Frameworks */,
			);
			runOnlyForDeploymentPostprocessing = 0;
		};
		1B168EB320C954400007E66B /* Frameworks */ = {
			isa = PBXFrameworksBuildPhase;
			buildActionMask = 2147483647;
			files = (
			);
			runOnlyForDeploymentPostprocessing = 0;
		};
/* End PBXFrameworksBuildPhase section */

/* Begin PBXGroup section */
		1B168E9920C9543D0007E66B = {
			isa = PBXGroup;
			children = (
				1B168EA420C9543D0007E66B /* Colors */,
				1B168EB920C954400007E66B /* ColorsTests */,
				1B168EA320C9543D0007E66B /* Products */,
				D1D6C158DFAA25A22459AFC0 /* Pods */,
				1D8887A730A7A36D7000D2AA /* Frameworks */,
			);
			sourceTree = "<group>";
		};
		1B168EA320C9543D0007E66B /* Products */ = {
			isa = PBXGroup;
			children = (
				1B168EA220C9543D0007E66B /* Colors.app */,
				1B168EB620C954400007E66B /* ColorsTests.xctest */,
			);
			name = Products;
			sourceTree = "<group>";
		};
		1B168EA420C9543D0007E66B /* Colors */ = {
			isa = PBXGroup;
			children = (
				1BA99ED120CA70210020C9C8 /* Model */,
				1BA99EC520CA51A80020C9C8 /* View */,
				1BA99ECD20CA54F20020C9C8 /* ViewModel */,
				1BA99EC420CA50C70020C9C8 /* Support */,
			);
			path = Colors;
			sourceTree = "<group>";
		};
		1B168EB920C954400007E66B /* ColorsTests */ = {
			isa = PBXGroup;
			children = (
				1B168EBA20C954400007E66B /* ColorsTests.swift */,
				1B168EBC20C954400007E66B /* Info.plist */,
			);
			path = ColorsTests;
			sourceTree = "<group>";
		};
		1BA99EC420CA50C70020C9C8 /* Support */ = {
			isa = PBXGroup;
			children = (
				1B168EA520C9543D0007E66B /* AppDelegate.swift */,
				1B168EAC20C954400007E66B /* Assets.xcassets */,
				1B168EAE20C954400007E66B /* LaunchScreen.storyboard */,
				1B168EB120C954400007E66B /* Info.plist */,
				1BA99ED320CA77410020C9C8 /* Extensions.swift */,
				1BA99ED720CA7D5F0020C9C8 /* Utils.swift */,
			);
			path = Support;
			sourceTree = "<group>";
		};
		1BA99EC520CA51A80020C9C8 /* View */ = {
			isa = PBXGroup;
			children = (
				1BA99EC620CA51CC0020C9C8 /* Main */,
			);
			path = View;
			sourceTree = "<group>";
		};
		1BA99EC620CA51CC0020C9C8 /* Main */ = {
			isa = PBXGroup;
			children = (
				1B168EA720C9543D0007E66B /* MainVC.swift */,
				1B168EA920C9543D0007E66B /* Main.storyboard */,
				1BA99EC720CA52C90020C9C8 /* ColorView.swift */,
				1BA99EC920CA53970020C9C8 /* ColorTVC.swift */,
				1BA99ECA20CA53970020C9C8 /* ColorTVC.xib */,
			);
			path = Main;
			sourceTree = "<group>";
		};
		1BA99ECD20CA54F20020C9C8 /* ViewModel */ = {
			isa = PBXGroup;
			children = (
				1BA99ECE20CA55240020C9C8 /* Main */,
			);
			path = ViewModel;
			sourceTree = "<group>";
		};
		1BA99ECE20CA55240020C9C8 /* Main */ = {
			isa = PBXGroup;
			children = (
				1BA99ECF20CA55690020C9C8 /* ColorTVCViewModel.swift */,
				1B17340620CAF6AE00E4E378 /* MainVCViewModel.swift */,
			);
			path = Main;
			sourceTree = "<group>";
		};
		1BA99ED120CA70210020C9C8 /* Model */ = {
			isa = PBXGroup;
			children = (
				1BA99EDB20CA830E0020C9C8 /* Structs */,
				1BA99ED220CA702D0020C9C8 /* Main */,
				1BA99EDC20CA84550020C9C8 /* ColorManager.swift */,
			);
			path = Model;
			sourceTree = "<group>";
		};
		1BA99ED220CA702D0020C9C8 /* Main */ = {
			isa = PBXGroup;
			children = (
			);
			path = Main;
			sourceTree = "<group>";
		};
		1BA99EDB20CA830E0020C9C8 /* Structs */ = {
			isa = PBXGroup;
			children = (
				1BA99ED920CA81C80020C9C8 /* Color.swift */,
			);
			path = Structs;
			sourceTree = "<group>";
		};
		1D8887A730A7A36D7000D2AA /* Frameworks */ = {
			isa = PBXGroup;
			children = (
				0B6074E2F70082251B8F799E /* libPods-Colors.a */,
			);
			name = Frameworks;
			sourceTree = "<group>";
		};
		D1D6C158DFAA25A22459AFC0 /* Pods */ = {
			isa = PBXGroup;
			children = (
				547D73DB3272E6BCD775BAB6 /* Pods-Colors.debug.xcconfig */,
				D8F8F20F2020CC7CECCC1886 /* Pods-Colors.release.xcconfig */,
			);
			name = Pods;
			sourceTree = "<group>";
		};
/* End PBXGroup section */

/* Begin PBXNativeTarget section */
		1B168EA120C9543D0007E66B /* Colors */ = {
			isa = PBXNativeTarget;
			buildConfigurationList = 1B168EBF20C954400007E66B /* Build configuration list for PBXNativeTarget "Colors" */;
			buildPhases = (
				1BF88FD0F4181AC1D92B97EF /* [CP] Check Pods Manifest.lock */,
				1B168E9E20C9543D0007E66B /* Sources */,
				1B168E9F20C9543D0007E66B /* Frameworks */,
				1B168EA020C9543D0007E66B /* Resources */,
			);
			buildRules = (
			);
			dependencies = (
			);
			name = Colors;
			productName = Colors;
			productReference = 1B168EA220C9543D0007E66B /* Colors.app */;
			productType = "com.apple.product-type.application";
		};
		1B168EB520C954400007E66B /* ColorsTests */ = {
			isa = PBXNativeTarget;
			buildConfigurationList = 1B168EC220C954400007E66B /* Build configuration list for PBXNativeTarget "ColorsTests" */;
			buildPhases = (
				1B168EB220C954400007E66B /* Sources */,
				1B168EB320C954400007E66B /* Frameworks */,
				1B168EB420C954400007E66B /* Resources */,
			);
			buildRules = (
			);
			dependencies = (
				1B168EB820C954400007E66B /* PBXTargetDependency */,
			);
			name = ColorsTests;
			productName = ColorsTests;
			productReference = 1B168EB620C954400007E66B /* ColorsTests.xctest */;
			productType = "com.apple.product-type.bundle.unit-test";
		};
/* End PBXNativeTarget section */

/* Begin PBXProject section */
		1B168E9A20C9543D0007E66B /* Project object */ = {
			isa = PBXProject;
			attributes = {
				LastSwiftUpdateCheck = 1000;
				LastUpgradeCheck = 1000;
				ORGANIZATIONNAME = "Sergey Prikhodko";
				TargetAttributes = {
					1B168EA120C9543D0007E66B = {
						CreatedOnToolsVersion = 10.0;
					};
					1B168EB520C954400007E66B = {
						CreatedOnToolsVersion = 10.0;
						TestTargetID = 1B168EA120C9543D0007E66B;
					};
				};
			};
			buildConfigurationList = 1B168E9D20C9543D0007E66B /* Build configuration list for PBXProject "Colors" */;
			compatibilityVersion = "Xcode 9.3";
			developmentRegion = en;
			hasScannedForEncodings = 0;
			knownRegions = (
				en,
				Base,
			);
			mainGroup = 1B168E9920C9543D0007E66B;
			productRefGroup = 1B168EA320C9543D0007E66B /* Products */;
			projectDirPath = "";
			projectRoot = "";
			targets = (
				1B168EA120C9543D0007E66B /* Colors */,
				1B168EB520C954400007E66B /* ColorsTests */,
			);
		};
/* End PBXProject section */

/* Begin PBXResourcesBuildPhase section */
		1B168EA020C9543D0007E66B /* Resources */ = {
			isa = PBXResourcesBuildPhase;
			buildActionMask = 2147483647;
			files = (
				1B168EB020C954400007E66B /* LaunchScreen.storyboard in Resources */,
				1BA99ECC20CA53980020C9C8 /* ColorTVC.xib in Resources */,
				1B168EAD20C954400007E66B /* Assets.xcassets in Resources */,
				1B168EAB20C9543D0007E66B /* Main.storyboard in Resources */,
			);
			runOnlyForDeploymentPostprocessing = 0;
		};
		1B168EB420C954400007E66B /* Resources */ = {
			isa = PBXResourcesBuildPhase;
			buildActionMask = 2147483647;
			files = (
			);
			runOnlyForDeploymentPostprocessing = 0;
		};
/* End PBXResourcesBuildPhase section */

/* Begin PBXShellScriptBuildPhase section */
		1BF88FD0F4181AC1D92B97EF /* [CP] Check Pods Manifest.lock */ = {
			isa = PBXShellScriptBuildPhase;
			buildActionMask = 2147483647;
			files = (
			);
			inputPaths = (
				"${PODS_PODFILE_DIR_PATH}/Podfile.lock",
				"${PODS_ROOT}/Manifest.lock",
			);
			name = "[CP] Check Pods Manifest.lock";
			outputPaths = (
				"$(DERIVED_FILE_DIR)/Pods-Colors-checkManifestLockResult.txt",
			);
			runOnlyForDeploymentPostprocessing = 0;
			shellPath = /bin/sh;
			shellScript = "diff \"${PODS_PODFILE_DIR_PATH}/Podfile.lock\" \"${PODS_ROOT}/Manifest.lock\" > /dev/null\nif [ $? != 0 ] ; then\n    # print error to STDERR\n    echo \"error: The sandbox is not in sync with the Podfile.lock. Run 'pod install' or update your CocoaPods installation.\" >&2\n    exit 1\nfi\n# This output is used by Xcode 'outputs' to avoid re-running this script phase.\necho \"SUCCESS\" > \"${SCRIPT_OUTPUT_FILE_0}\"\n";
			showEnvVarsInLog = 0;
		};
/* End PBXShellScriptBuildPhase section */

/* Begin PBXSourcesBuildPhase section */
		1B168E9E20C9543D0007E66B /* Sources */ = {
			isa = PBXSourcesBuildPhase;
			buildActionMask = 2147483647;
			files = (
				1BA99ED020CA55690020C9C8 /* ColorTVCViewModel.swift in Sources */,
				1BA99ED420CA77410020C9C8 /* Extensions.swift in Sources */,
				1BA99EC820CA52C90020C9C8 /* ColorView.swift in Sources */,
				1BA99ED820CA7D5F0020C9C8 /* Utils.swift in Sources */,
				1BA99ECB20CA53980020C9C8 /* ColorTVC.swift in Sources */,
				1BA99EDA20CA81C80020C9C8 /* Color.swift in Sources */,
				1BA99EDD20CA84550020C9C8 /* ColorManager.swift in Sources */,
				1B168EA820C9543D0007E66B /* MainVC.swift in Sources */,
				1B17340720CAF6AE00E4E378 /* MainVCViewModel.swift in Sources */,
				1B168EA620C9543D0007E66B /* AppDelegate.swift in Sources */,
			);
			runOnlyForDeploymentPostprocessing = 0;
		};
		1B168EB220C954400007E66B /* Sources */ = {
			isa = PBXSourcesBuildPhase;
			buildActionMask = 2147483647;
			files = (
				1B168EBB20C954400007E66B /* ColorsTests.swift in Sources */,
			);
			runOnlyForDeploymentPostprocessing = 0;
		};
/* End PBXSourcesBuildPhase section */

/* Begin PBXTargetDependency section */
		1B168EB820C954400007E66B /* PBXTargetDependency */ = {
			isa = PBXTargetDependency;
			target = 1B168EA120C9543D0007E66B /* Colors */;
			targetProxy = 1B168EB720C954400007E66B /* PBXContainerItemProxy */;
		};
/* End PBXTargetDependency section */

/* Begin PBXVariantGroup section */
		1B168EA920C9543D0007E66B /* Main.storyboard */ = {
			isa = PBXVariantGroup;
			children = (
				1B168EAA20C9543D0007E66B /* Base */,
			);
			name = Main.storyboard;
			sourceTree = "<group>";
		};
		1B168EAE20C954400007E66B /* LaunchScreen.storyboard */ = {
			isa = PBXVariantGroup;
			children = (
				1B168EAF20C954400007E66B /* Base */,
			);
			name = LaunchScreen.storyboard;
			sourceTree = "<group>";
		};
/* End PBXVariantGroup section */

/* Begin XCBuildConfiguration section */
		1B168EBD20C954400007E66B /* Debug */ = {
			isa = XCBuildConfiguration;
			buildSettings = {
				ALWAYS_SEARCH_USER_PATHS = NO;
				CLANG_ANALYZER_NONNULL = YES;
				CLANG_ANALYZER_NUMBER_OBJECT_CONVERSION = YES_AGGRESSIVE;
				CLANG_CXX_LANGUAGE_STANDARD = "gnu++14";
				CLANG_CXX_LIBRARY = "libc++";
				CLANG_ENABLE_MODULES = YES;
				CLANG_ENABLE_OBJC_ARC = YES;
				CLANG_ENABLE_OBJC_WEAK = YES;
				CLANG_WARN_BLOCK_CAPTURE_AUTORELEASING = YES;
				CLANG_WARN_BOOL_CONVERSION = YES;
				CLANG_WARN_COMMA = YES;
				CLANG_WARN_CONSTANT_CONVERSION = YES;
				CLANG_WARN_DEPRECATED_OBJC_IMPLEMENTATIONS = YES;
				CLANG_WARN_DIRECT_OBJC_ISA_USAGE = YES_ERROR;
				CLANG_WARN_DOCUMENTATION_COMMENTS = YES;
				CLANG_WARN_EMPTY_BODY = YES;
				CLANG_WARN_ENUM_CONVERSION = YES;
				CLANG_WARN_INFINITE_RECURSION = YES;
				CLANG_WARN_INT_CONVERSION = YES;
				CLANG_WARN_NON_LITERAL_NULL_CONVERSION = YES;
				CLANG_WARN_OBJC_IMPLICIT_RETAIN_SELF = YES;
				CLANG_WARN_OBJC_LITERAL_CONVERSION = YES;
				CLANG_WARN_OBJC_ROOT_CLASS = YES_ERROR;
				CLANG_WARN_RANGE_LOOP_ANALYSIS = YES;
				CLANG_WARN_STRICT_PROTOTYPES = YES;
				CLANG_WARN_SUSPICIOUS_MOVE = YES;
				CLANG_WARN_UNGUARDED_AVAILABILITY = YES_AGGRESSIVE;
				CLANG_WARN_UNREACHABLE_CODE = YES;
				CLANG_WARN__DUPLICATE_METHOD_MATCH = YES;
				CODE_SIGN_IDENTITY = "iPhone Developer";
				COPY_PHASE_STRIP = NO;
				DEBUG_INFORMATION_FORMAT = dwarf;
				ENABLE_STRICT_OBJC_MSGSEND = YES;
				ENABLE_TESTABILITY = YES;
				GCC_C_LANGUAGE_STANDARD = gnu11;
				GCC_DYNAMIC_NO_PIC = NO;
				GCC_NO_COMMON_BLOCKS = YES;
				GCC_OPTIMIZATION_LEVEL = 0;
				GCC_PREPROCESSOR_DEFINITIONS = (
					"DEBUG=1",
					"$(inherited)",
				);
				GCC_WARN_64_TO_32_BIT_CONVERSION = YES;
				GCC_WARN_ABOUT_RETURN_TYPE = YES_ERROR;
				GCC_WARN_UNDECLARED_SELECTOR = YES;
				GCC_WARN_UNINITIALIZED_AUTOS = YES_AGGRESSIVE;
				GCC_WARN_UNUSED_FUNCTION = YES;
				GCC_WARN_UNUSED_VARIABLE = YES;
				IPHONEOS_DEPLOYMENT_TARGET = 12.0;
				MTL_ENABLE_DEBUG_INFO = INCLUDE_SOURCE;
				ONLY_ACTIVE_ARCH = YES;
				SDKROOT = iphoneos;
				SWIFT_ACTIVE_COMPILATION_CONDITIONS = DEBUG;
				SWIFT_OPTIMIZATION_LEVEL = "-Onone";
			};
			name = Debug;
		};
		1B168EBE20C954400007E66B /* Release */ = {
			isa = XCBuildConfiguration;
			buildSettings = {
				ALWAYS_SEARCH_USER_PATHS = NO;
				CLANG_ANALYZER_NONNULL = YES;
				CLANG_ANALYZER_NUMBER_OBJECT_CONVERSION = YES_AGGRESSIVE;
				CLANG_CXX_LANGUAGE_STANDARD = "gnu++14";
				CLANG_CXX_LIBRARY = "libc++";
				CLANG_ENABLE_MODULES = YES;
				CLANG_ENABLE_OBJC_ARC = YES;
				CLANG_ENABLE_OBJC_WEAK = YES;
				CLANG_WARN_BLOCK_CAPTURE_AUTORELEASING = YES;
				CLANG_WARN_BOOL_CONVERSION = YES;
				CLANG_WARN_COMMA = YES;
				CLANG_WARN_CONSTANT_CONVERSION = YES;
				CLANG_WARN_DEPRECATED_OBJC_IMPLEMENTATIONS = YES;
				CLANG_WARN_DIRECT_OBJC_ISA_USAGE = YES_ERROR;
				CLANG_WARN_DOCUMENTATION_COMMENTS = YES;
				CLANG_WARN_EMPTY_BODY = YES;
				CLANG_WARN_ENUM_CONVERSION = YES;
				CLANG_WARN_INFINITE_RECURSION = YES;
				CLANG_WARN_INT_CONVERSION = YES;
				CLANG_WARN_NON_LITERAL_NULL_CONVERSION = YES;
				CLANG_WARN_OBJC_IMPLICIT_RETAIN_SELF = YES;
				CLANG_WARN_OBJC_LITERAL_CONVERSION = YES;
				CLANG_WARN_OBJC_ROOT_CLASS = YES_ERROR;
				CLANG_WARN_RANGE_LOOP_ANALYSIS = YES;
				CLANG_WARN_STRICT_PROTOTYPES = YES;
				CLANG_WARN_SUSPICIOUS_MOVE = YES;
				CLANG_WARN_UNGUARDED_AVAILABILITY = YES_AGGRESSIVE;
				CLANG_WARN_UNREACHABLE_CODE = YES;
				CLANG_WARN__DUPLICATE_METHOD_MATCH = YES;
				CODE_SIGN_IDENTITY = "iPhone Developer";
				COPY_PHASE_STRIP = NO;
				DEBUG_INFORMATION_FORMAT = "dwarf-with-dsym";
				ENABLE_NS_ASSERTIONS = NO;
				ENABLE_STRICT_OBJC_MSGSEND = YES;
				GCC_C_LANGUAGE_STANDARD = gnu11;
				GCC_NO_COMMON_BLOCKS = YES;
				GCC_WARN_64_TO_32_BIT_CONVERSION = YES;
				GCC_WARN_ABOUT_RETURN_TYPE = YES_ERROR;
				GCC_WARN_UNDECLARED_SELECTOR = YES;
				GCC_WARN_UNINITIALIZED_AUTOS = YES_AGGRESSIVE;
				GCC_WARN_UNUSED_FUNCTION = YES;
				GCC_WARN_UNUSED_VARIABLE = YES;
				IPHONEOS_DEPLOYMENT_TARGET = 12.0;
				MTL_ENABLE_DEBUG_INFO = NO;
				SDKROOT = iphoneos;
				SWIFT_COMPILATION_MODE = wholemodule;
				SWIFT_OPTIMIZATION_LEVEL = "-O";
				VALIDATE_PRODUCT = YES;
			};
			name = Release;
		};
		1B168EC020C954400007E66B /* Debug */ = {
			isa = XCBuildConfiguration;
			baseConfigurationReference = 547D73DB3272E6BCD775BAB6 /* Pods-Colors.debug.xcconfig */;
			buildSettings = {
				ASSETCATALOG_COMPILER_APPICON_NAME = AppIcon;
				CODE_SIGN_STYLE = Automatic;
				DEVELOPMENT_TEAM = MFVF92WP4G;
				INFOPLIST_FILE = "$(SRCROOT)/Colors/Support/Info.plist";
				IPHONEOS_DEPLOYMENT_TARGET = 11.0;
				LD_RUNPATH_SEARCH_PATHS = (
					"$(inherited)",
					"@executable_path/Frameworks",
				);
				PRODUCT_BUNDLE_IDENTIFIER = com.wexMaker.Colors;
				PRODUCT_NAME = "$(TARGET_NAME)";
				SWIFT_VERSION = 4.2;
				TARGETED_DEVICE_FAMILY = "1,2";
			};
			name = Debug;
		};
		1B168EC120C954400007E66B /* Release */ = {
			isa = XCBuildConfiguration;
			baseConfigurationReference = D8F8F20F2020CC7CECCC1886 /* Pods-Colors.release.xcconfig */;
			buildSettings = {
				ASSETCATALOG_COMPILER_APPICON_NAME = AppIcon;
				CODE_SIGN_STYLE = Automatic;
				DEVELOPMENT_TEAM = MFVF92WP4G;
				INFOPLIST_FILE = "$(SRCROOT)/Colors/Support/Info.plist";
				IPHONEOS_DEPLOYMENT_TARGET = 11.0;
				LD_RUNPATH_SEARCH_PATHS = (
					"$(inherited)",
					"@executable_path/Frameworks",
				);
				PRODUCT_BUNDLE_IDENTIFIER = com.wexMaker.Colors;
				PRODUCT_NAME = "$(TARGET_NAME)";
				SWIFT_VERSION = 4.2;
				TARGETED_DEVICE_FAMILY = "1,2";
			};
			name = Release;
		};
		1B168EC320C954400007E66B /* Debug */ = {
			isa = XCBuildConfiguration;
			buildSettings = {
				ALWAYS_EMBED_SWIFT_STANDARD_LIBRARIES = YES;
				BUNDLE_LOADER = "$(TEST_HOST)";
				CODE_SIGN_STYLE = Automatic;
				DEVELOPMENT_TEAM = MFVF92WP4G;
				INFOPLIST_FILE = ColorsTests/Info.plist;
				LD_RUNPATH_SEARCH_PATHS = (
					"$(inherited)",
					"@executable_path/Frameworks",
					"@loader_path/Frameworks",
				);
				PRODUCT_BUNDLE_IDENTIFIER = com.wexMaker.ColorsTests;
				PRODUCT_NAME = "$(TARGET_NAME)";
				SWIFT_VERSION = 4.2;
				TARGETED_DEVICE_FAMILY = "1,2";
				TEST_HOST = "$(BUILT_PRODUCTS_DIR)/Colors.app/Colors";
			};
			name = Debug;
		};
		1B168EC420C954400007E66B /* Release */ = {
			isa = XCBuildConfiguration;
			buildSettings = {
				ALWAYS_EMBED_SWIFT_STANDARD_LIBRARIES = YES;
				BUNDLE_LOADER = "$(TEST_HOST)";
				CODE_SIGN_STYLE = Automatic;
				DEVELOPMENT_TEAM = MFVF92WP4G;
				INFOPLIST_FILE = ColorsTests/Info.plist;
				LD_RUNPATH_SEARCH_PATHS = (
					"$(inherited)",
					"@executable_path/Frameworks",
					"@loader_path/Frameworks",
				);
				PRODUCT_BUNDLE_IDENTIFIER = com.wexMaker.ColorsTests;
				PRODUCT_NAME = "$(TARGET_NAME)";
				SWIFT_VERSION = 4.2;
				TARGETED_DEVICE_FAMILY = "1,2";
				TEST_HOST = "$(BUILT_PRODUCTS_DIR)/Colors.app/Colors";
			};
			name = Release;
		};
/* End XCBuildConfiguration section */

/* Begin XCConfigurationList section */
		1B168E9D20C9543D0007E66B /* Build configuration list for PBXProject "Colors" */ = {
			isa = XCConfigurationList;
			buildConfigurations = (
				1B168EBD20C954400007E66B /* Debug */,
				1B168EBE20C954400007E66B /* Release */,
			);
			defaultConfigurationIsVisible = 0;
			defaultConfigurationName = Release;
		};
		1B168EBF20C954400007E66B /* Build configuration list for PBXNativeTarget "Colors" */ = {
			isa = XCConfigurationList;
			buildConfigurations = (
				1B168EC020C954400007E66B /* Debug */,
				1B168EC120C954400007E66B /* Release */,
			);
			defaultConfigurationIsVisible = 0;
			defaultConfigurationName = Release;
		};
		1B168EC220C954400007E66B /* Build configuration list for PBXNativeTarget "ColorsTests" */ = {
			isa = XCConfigurationList;
			buildConfigurations = (
				1B168EC320C954400007E66B /* Debug */,
				1B168EC420C954400007E66B /* Release */,
			);
			defaultConfigurationIsVisible = 0;
			defaultConfigurationName = Release;
		};
/* End XCConfigurationList section */
	};
	rootObject = 1B168E9A20C9543D0007E66B /* Project object */;
}
